
Microsoft Visual Studio Solution File, Format Version 12.00
# Visual Studio 15
VisualStudioVersion = 15.0.27130.2010
MinimumVisualStudioVersion = 10.0.40219.1
Project("{FAE04EC0-301F-11D3-BF4B-00C04F79EFBC}") = "blog-api", "blog-api\blog-api.csproj", "{3C388201-F4AA-4931-BEB4-3ED9AD1F6DFD}"
EndProject
Project("{FAE04EC0-301F-11D3-BF4B-00C04F79EFBC}") = "ut-blog-api", "ut-blog-api\ut-blog-api.csproj", "{5531DAAA-5D2E-451F-BFA3-4420FCDD31F7}"
EndProject
Global
	GlobalSection(SolutionConfigurationPlatforms) = preSolution
		Debug|Any CPU = Debug|Any CPU
		Release|Any CPU = Release|Any CPU
	EndGlobalSection
	GlobalSection(ProjectConfigurationPlatforms) = postSolution
		{3C388201-F4AA-4931-BEB4-3ED9AD1F6DFD}.Debug|Any CPU.ActiveCfg = Debug|Any CPU
		{3C388201-F4AA-4931-BEB4-3ED9AD1F6DFD}.Debug|Any CPU.Build.0 = Debug|Any CPU
		{3C388201-F4AA-4931-BEB4-3ED9AD1F6DFD}.Release|Any CPU.ActiveCfg = Release|Any CPU
		{3C388201-F4AA-4931-BEB4-3ED9AD1F6DFD}.Release|Any CPU.Build.0 = Release|Any CPU
		{5531DAAA-5D2E-451F-BFA3-4420FCDD31F7}.Debug|Any CPU.ActiveCfg = Debug|Any CPU
		{5531DAAA-5D2E-451F-BFA3-4420FCDD31F7}.Debug|Any CPU.Build.0 = Debug|Any CPU
		{5531DAAA-5D2E-451F-BFA3-4420FCDD31F7}.Release|Any CPU.ActiveCfg = Release|Any CPU
		{5531DAAA-5D2E-451F-BFA3-4420FCDD31F7}.Release|Any CPU.Build.0 = Release|Any CPU
	EndGlobalSection
	GlobalSection(SolutionProperties) = preSolution
		HideSolutionNode = FALSE
	EndGlobalSection
	GlobalSection(ExtensibilityGlobals) = postSolution
		SolutionGuid = {F36A1E85-3C1B-4BF1-BC90-E49CE6F0DCAA}
	EndGlobalSection
EndGlobal
